PODS:
  - Flutter (1.0.0)
  - permission_handler_apple (9.0.4):
    - Flutter
  - VonageClientSDKVoice (1.0.3):
    - VonageWebRTC (~> 99.2.39)
  - VonageWebRTC (99.2.39)

DEPENDENCIES:
  - Flutter (from `Flutter`)
  - permission_handler_apple (from `.symlinks/plugins/permission_handler_apple/ios`)
  - VonageClientSDKVoice (~> 1.0.3)

SPEC REPOS:
  trunk:
    - VonageClientSDKVoice
    - VonageWebRTC

EXTERNAL SOURCES:
  Flutter:
    :path: Flutter
  permission_handler_apple:
    :path: ".symlinks/plugins/permission_handler_apple/ios"

SPEC CHECKSUMS:
  Flutter: f04841e97a9d0b0a8025694d0796dd46242b2854
  permission_handler_apple: 44366e37eaf29454a1e7b1b7d736c2cceaeb17ce
  VonageClientSDKVoice: 1676915b932e8884c9264251fc6b49080733c7e7
  VonageWebRTC: 4b57187170ef4ea435006e932600646a0521d6b0

PODFILE CHECKSUM: 2988aec4b0bffb83d573bc4f4566af6d40fca083

COCOAPODS: 1.11.3
